
Microsoft Visual Studio Solution File, Format Version 12.00
# Visual Studio Version 17
VisualStudioVersion = 17.3.32922.545
MinimumVisualStudioVersion = 10.0.40219.1
Project("{FAE04EC0-301F-11D3-BF4B-00C04F79EFBC}") = "streaming-service", "streaming-service\streaming-service.csproj", "{38E842F5-E016-4704-AC07-68C403D985AB}"
EndProject
Global
	GlobalSection(SolutionConfigurationPlatforms) = preSolution
		Debug|Any CPU = Debug|Any CPU
		Release|Any CPU = Release|Any CPU
	EndGlobalSection
	GlobalSection(ProjectConfigurationPlatforms) = postSolution
		{38E842F5-E016-4704-AC07-68C403D985AB}.Debug|Any CPU.ActiveCfg = Debug|Any CPU
		{38E842F5-E016-4704-AC07-68C403D985AB}.Debug|Any CPU.Build.0 = Debug|Any CPU
		{38E842F5-E016-4704-AC07-68C403D985AB}.Release|Any CPU.ActiveCfg = Release|Any CPU
		{38E842F5-E016-4704-AC07-68C403D985AB}.Release|Any CPU.Build.0 = Release|Any CPU
	EndGlobalSection
	GlobalSection(SolutionProperties) = preSolution
		HideSolutionNode = FALSE
	EndGlobalSection
	GlobalSection(ExtensibilityGlobals) = postSolution
		SolutionGuid = {719ED0B3-6D1C-4914-AA3D-37BCE1D208D5}
	EndGlobalSection
EndGlobal
